
Microsoft Visual Studio Solution File, Format Version 12.00
# Visual Studio Version 17
VisualStudioVersion = 17.4.33403.182
MinimumVisualStudioVersion = 10.0.40219.1
Project("{9A19103F-16F7-4668-BE54-9A1E7A4F7556}") = "Deflate.Gui", "Deflate.Gui\Deflate.Gui.csproj", "{A66D88BB-EFD7-4A9F-87E6-B551A1B76B96}"
EndProject
Project("{9A19103F-16F7-4668-BE54-9A1E7A4F7556}") = "Deflate", "Deflate\Deflate.csproj", "{230B3CAA-19D1-43AA-9F21-3DF4B6069FE4}"
EndProject
Global
	GlobalSection(SolutionConfigurationPlatforms) = preSolution
		Debug|Any CPU = Debug|Any CPU
		Debug|x64 = Debug|x64
		Release|Any CPU = Release|Any CPU
		Release|x64 = Release|x64
	EndGlobalSection
	GlobalSection(ProjectConfigurationPlatforms) = postSolution
		{A66D88BB-EFD7-4A9F-87E6-B551A1B76B96}.Debug|Any CPU.ActiveCfg = Debug|Any CPU
		{A66D88BB-EFD7-4A9F-87E6-B551A1B76B96}.Debug|Any CPU.Build.0 = Debug|Any CPU
		{A66D88BB-EFD7-4A9F-87E6-B551A1B76B96}.Debug|x64.ActiveCfg = Debug|x64
		{A66D88BB-EFD7-4A9F-87E6-B551A1B76B96}.Debug|x64.Build.0 = Debug|x64
		{A66D88BB-EFD7-4A9F-87E6-B551A1B76B96}.Release|Any CPU.ActiveCfg = Release|Any CPU
		{A66D88BB-EFD7-4A9F-87E6-B551A1B76B96}.Release|Any CPU.Build.0 = Release|Any CPU
		{A66D88BB-EFD7-4A9F-87E6-B551A1B76B96}.Release|x64.ActiveCfg = Release|x64
		{A66D88BB-EFD7-4A9F-87E6-B551A1B76B96}.Release|x64.Build.0 = Release|x64
		{230B3CAA-19D1-43AA-9F21-3DF4B6069FE4}.Debug|Any CPU.ActiveCfg = Debug|Any CPU
		{230B3CAA-19D1-43AA-9F21-3DF4B6069FE4}.Debug|Any CPU.Build.0 = Debug|Any CPU
		{230B3CAA-19D1-43AA-9F21-3DF4B6069FE4}.Debug|x64.ActiveCfg = Debug|Any CPU
		{230B3CAA-19D1-43AA-9F21-3DF4B6069FE4}.Debug|x64.Build.0 = Debug|Any CPU
		{230B3CAA-19D1-43AA-9F21-3DF4B6069FE4}.Release|Any CPU.ActiveCfg = Release|Any CPU
		{230B3CAA-19D1-43AA-9F21-3DF4B6069FE4}.Release|Any CPU.Build.0 = Release|Any CPU
		{230B3CAA-19D1-43AA-9F21-3DF4B6069FE4}.Release|x64.ActiveCfg = Release|x64
		{230B3CAA-19D1-43AA-9F21-3DF4B6069FE4}.Release|x64.Build.0 = Release|x64
	EndGlobalSection
	GlobalSection(SolutionProperties) = preSolution
		HideSolutionNode = FALSE
	EndGlobalSection
	GlobalSection(ExtensibilityGlobals) = postSolution
		SolutionGuid = {BAE1A1A8-F0FC-41A4-830C-B10BF3185FAB}
	EndGlobalSection
EndGlobal
